PODS:
  - DJI-SDK-iOS (4.3.2)
  - DJIDemoKit (0.9):
    - DJI-SDK-iOS (= 4.3.2)
    - SnapKit (= 4.0)
  - SnapKit (4.0.0)

DEPENDENCIES:
  - DJIDemoKit

SPEC CHECKSUMS:
  DJI-SDK-iOS: 56c6ae117f754214561d1aca1255c0aeaaa421a9
  DJIDemoKit: 8e3b42bc0f74f000399217ce6d6e59ecd9d74e9a
  SnapKit: a42d492c16e80209130a3379f73596c3454b7694

PODFILE CHECKSUM: 5b482645e1ba081db989ee8a634bf3f20a01bd51

COCOAPODS: 1.3.1
